{
  "markbot": "6dbe65d27eaf2b5ab5f87efaed190158e6f6dfcfea62393024d8bfea79154288",
  "markbotignore": "030a4e6e1b3b6b510514a7ae54576e2c2ef762d56236c6414ef634955d96a126",
  "index-before-320.png": "d0a57920f53f838359f16eff2c89d2059c727c28148da82ba1c935a541ab83c3",
  "index-after-320.png": "b66c03b35098f15285851f8f42366ec512c5a68b0c68354c70a0e1740514a98c"
}